
Microsoft Visual Studio Solution File, Format Version 12.00
# Visual Studio 14
VisualStudioVersion = 14.0.25420.1
MinimumVisualStudioVersion = 10.0.40219.1
Project("{FAE04EC0-301F-11D3-BF4B-00C04F79EFBC}") = "Demos.Admin", "Demos.Admin\Demos.Admin.csproj", "{B6C6A849-A2B0-4C09-8051-CA3BB4DC63CA}"
EndProject
Project("{FAE04EC0-301F-11D3-BF4B-00C04F79EFBC}") = "PTS2.Admin.Tests", "Demos.Admin.Tests\PTS2.Admin.Tests.csproj", "{9DF2E521-ABD6-4F0D-A480-D0E2A7974BBD}"
EndProject
Project("{2150E333-8FDC-42A3-9474-1A3956D46DE8}") = "E_Admin", "E_Admin", "{EC93D9F2-0525-47DA-BDB8-CD44B06E0615}"
EndProject
Project("{2150E333-8FDC-42A3-9474-1A3956D46DE8}") = "F_Test", "F_Test", "{D1B09455-6A41-459E-B2A9-B97601C2DD73}"
EndProject
Project("{2150E333-8FDC-42A3-9474-1A3956D46DE8}") = "A_Common", "A_Common", "{E29C4629-B1E7-4E2B-8712-EC7C79346BCC}"
EndProject
Project("{2150E333-8FDC-42A3-9474-1A3956D46DE8}") = "B_Core", "B_Core", "{2BE65410-82DE-4462-B828-795CE5CCCF7A}"
EndProject
Project("{2150E333-8FDC-42A3-9474-1A3956D46DE8}") = "C_Data", "C_Data", "{CF33B803-B176-4619-ADEA-12A5C148307E}"
EndProject
Project("{2150E333-8FDC-42A3-9474-1A3956D46DE8}") = "D_Service", "D_Service", "{CBF07765-C91F-4A3B-AAEB-4BC038BF0A8B}"
EndProject
Project("{2150E333-8FDC-42A3-9474-1A3956D46DE8}") = "G_Documents", "G_Documents", "{12A98685-741C-43B2-9FED-AEB7F239728D}"
EndProject
Project("{FAE04EC0-301F-11D3-BF4B-00C04F79EFBC}") = "Core.EnumType", "Demos.Core\Core.EnumType\Core.EnumType.csproj", "{81AC27D3-EAB8-4000-AF1A-1CE90127C974}"
EndProject
Project("{FAE04EC0-301F-11D3-BF4B-00C04F79EFBC}") = "Basic.Service", "Demos.Service\Basic.Service\Basic.Service.csproj", "{FEC68F8A-05F6-419F-B838-A8DCCBBD6B88}"
EndProject
Project("{FAE04EC0-301F-11D3-BF4B-00C04F79EFBC}") = "Data.Entities", "Demos.Data\Data.Entities\Data.Entities.csproj", "{81330315-DB73-440D-AB78-A2FBD56E1052}"
EndProject
Project("{2150E333-8FDC-42A3-9474-1A3956D46DE8}") = "项目设计", "项目设计", "{32608E2A-F73C-4B94-A101-11ED788C3C6A}"
	ProjectSection(SolutionItems) = preProject
		designer.txt = designer.txt
		T4.txt = T4.txt
		编码规范.txt = 编码规范.txt
	EndProjectSection
EndProject
Project("{FAE04EC0-301F-11D3-BF4B-00C04F79EFBC}") = "Common.Logging", "Demos.Common\Common.Logging\Common.Logging.csproj", "{1A8E3432-8565-45E7-B7CA-4B9301E2DE43}"
EndProject
Project("{FAE04EC0-301F-11D3-BF4B-00C04F79EFBC}") = "Common.Cache", "Demos.Common\Common.Cache\Common.Cache.csproj", "{6BDC278B-5872-4698-99FE-BD85B237D7E0}"
EndProject
Project("{FAE04EC0-301F-11D3-BF4B-00C04F79EFBC}") = "Data.Repository", "Demos.Data\Data.Repository\Data.Repository.csproj", "{AD635690-F5F4-47BF-9402-E68601E03F6D}"
EndProject
Project("{FAE04EC0-301F-11D3-BF4B-00C04F79EFBC}") = "Common.MongoRepository", "Demos.Common\Common.MongoRepository\Common.MongoRepository.csproj", "{0FE970CC-CF25-443E-A8D6-EF4E3BDD82A2}"
EndProject
Project("{FAE04EC0-301F-11D3-BF4B-00C04F79EFBC}") = "Common.RabbitMQ", "Demos.Common\Common.RabbitMQ\Common.RabbitMQ.csproj", "{51F74F2B-E535-47B9-996A-FD94C983C8C2}"
EndProject
Project("{FAE04EC0-301F-11D3-BF4B-00C04F79EFBC}") = "Data.MongoEntities", "Demos.Data\Data.MongoEntities\Data.MongoEntities.csproj", "{3D44A534-1954-406F-8E4A-2F575B7535F1}"
EndProject
Project("{FAE04EC0-301F-11D3-BF4B-00C04F79EFBC}") = "SqlSugar", "Demos.Common\Common.SqlSugar\SqlSugar.csproj", "{489BB790-226C-4FAD-8D1E-51D72A7FF8E5}"
EndProject
Project("{FAE04EC0-301F-11D3-BF4B-00C04F79EFBC}") = "PTS2.WebApi", "Demos.WebApi\Demos.WebApi\PTS2.WebApi.csproj", "{BFFEC334-56DE-4AD0-A99B-1EE7E49AD975}"
EndProject
Project("{FAE04EC0-301F-11D3-BF4B-00C04F79EFBC}") = "Core.Utility", "Demos.Core\Core.Utility\Core.Utility.csproj", "{0877F0E1-DE31-42AC-9DA6-74D8F108A0F5}"
EndProject
Global
	GlobalSection(SolutionConfigurationPlatforms) = preSolution
		Debug|Any CPU = Debug|Any CPU
		Release|Any CPU = Release|Any CPU
	EndGlobalSection
	GlobalSection(ProjectConfigurationPlatforms) = postSolution
		{B6C6A849-A2B0-4C09-8051-CA3BB4DC63CA}.Debug|Any CPU.ActiveCfg = Debug|Any CPU
		{B6C6A849-A2B0-4C09-8051-CA3BB4DC63CA}.Debug|Any CPU.Build.0 = Debug|Any CPU
		{B6C6A849-A2B0-4C09-8051-CA3BB4DC63CA}.Release|Any CPU.ActiveCfg = Release|Any CPU
		{B6C6A849-A2B0-4C09-8051-CA3BB4DC63CA}.Release|Any CPU.Build.0 = Release|Any CPU
		{9DF2E521-ABD6-4F0D-A480-D0E2A7974BBD}.Debug|Any CPU.ActiveCfg = Debug|Any CPU
		{9DF2E521-ABD6-4F0D-A480-D0E2A7974BBD}.Debug|Any CPU.Build.0 = Debug|Any CPU
		{9DF2E521-ABD6-4F0D-A480-D0E2A7974BBD}.Release|Any CPU.ActiveCfg = Release|Any CPU
		{9DF2E521-ABD6-4F0D-A480-D0E2A7974BBD}.Release|Any CPU.Build.0 = Release|Any CPU
		{81AC27D3-EAB8-4000-AF1A-1CE90127C974}.Debug|Any CPU.ActiveCfg = Debug|Any CPU
		{81AC27D3-EAB8-4000-AF1A-1CE90127C974}.Debug|Any CPU.Build.0 = Debug|Any CPU
		{81AC27D3-EAB8-4000-AF1A-1CE90127C974}.Release|Any CPU.ActiveCfg = Release|Any CPU
		{81AC27D3-EAB8-4000-AF1A-1CE90127C974}.Release|Any CPU.Build.0 = Release|Any CPU
		{FEC68F8A-05F6-419F-B838-A8DCCBBD6B88}.Debug|Any CPU.ActiveCfg = Debug|Any CPU
		{FEC68F8A-05F6-419F-B838-A8DCCBBD6B88}.Debug|Any CPU.Build.0 = Debug|Any CPU
		{FEC68F8A-05F6-419F-B838-A8DCCBBD6B88}.Release|Any CPU.ActiveCfg = Release|Any CPU
		{FEC68F8A-05F6-419F-B838-A8DCCBBD6B88}.Release|Any CPU.Build.0 = Release|Any CPU
		{81330315-DB73-440D-AB78-A2FBD56E1052}.Debug|Any CPU.ActiveCfg = Debug|Any CPU
		{81330315-DB73-440D-AB78-A2FBD56E1052}.Debug|Any CPU.Build.0 = Debug|Any CPU
		{81330315-DB73-440D-AB78-A2FBD56E1052}.Release|Any CPU.ActiveCfg = Release|Any CPU
		{81330315-DB73-440D-AB78-A2FBD56E1052}.Release|Any CPU.Build.0 = Release|Any CPU
		{1A8E3432-8565-45E7-B7CA-4B9301E2DE43}.Debug|Any CPU.ActiveCfg = Debug|Any CPU
		{1A8E3432-8565-45E7-B7CA-4B9301E2DE43}.Debug|Any CPU.Build.0 = Debug|Any CPU
		{1A8E3432-8565-45E7-B7CA-4B9301E2DE43}.Release|Any CPU.ActiveCfg = Release|Any CPU
		{1A8E3432-8565-45E7-B7CA-4B9301E2DE43}.Release|Any CPU.Build.0 = Release|Any CPU
		{6BDC278B-5872-4698-99FE-BD85B237D7E0}.Debug|Any CPU.ActiveCfg = Debug|Any CPU
		{6BDC278B-5872-4698-99FE-BD85B237D7E0}.Debug|Any CPU.Build.0 = Debug|Any CPU
		{6BDC278B-5872-4698-99FE-BD85B237D7E0}.Release|Any CPU.ActiveCfg = Release|Any CPU
		{6BDC278B-5872-4698-99FE-BD85B237D7E0}.Release|Any CPU.Build.0 = Release|Any CPU
		{AD635690-F5F4-47BF-9402-E68601E03F6D}.Debug|Any CPU.ActiveCfg = Debug|Any CPU
		{AD635690-F5F4-47BF-9402-E68601E03F6D}.Debug|Any CPU.Build.0 = Debug|Any CPU
		{AD635690-F5F4-47BF-9402-E68601E03F6D}.Release|Any CPU.ActiveCfg = Release|Any CPU
		{AD635690-F5F4-47BF-9402-E68601E03F6D}.Release|Any CPU.Build.0 = Release|Any CPU
		{0FE970CC-CF25-443E-A8D6-EF4E3BDD82A2}.Debug|Any CPU.ActiveCfg = Debug|Any CPU
		{0FE970CC-CF25-443E-A8D6-EF4E3BDD82A2}.Debug|Any CPU.Build.0 = Debug|Any CPU
		{0FE970CC-CF25-443E-A8D6-EF4E3BDD82A2}.Release|Any CPU.ActiveCfg = Release|Any CPU
		{0FE970CC-CF25-443E-A8D6-EF4E3BDD82A2}.Release|Any CPU.Build.0 = Release|Any CPU
		{51F74F2B-E535-47B9-996A-FD94C983C8C2}.Debug|Any CPU.ActiveCfg = Debug|Any CPU
		{51F74F2B-E535-47B9-996A-FD94C983C8C2}.Debug|Any CPU.Build.0 = Debug|Any CPU
		{51F74F2B-E535-47B9-996A-FD94C983C8C2}.Release|Any CPU.ActiveCfg = Release|Any CPU
		{51F74F2B-E535-47B9-996A-FD94C983C8C2}.Release|Any CPU.Build.0 = Release|Any CPU
		{3D44A534-1954-406F-8E4A-2F575B7535F1}.Debug|Any CPU.ActiveCfg = Debug|Any CPU
		{3D44A534-1954-406F-8E4A-2F575B7535F1}.Debug|Any CPU.Build.0 = Debug|Any CPU
		{3D44A534-1954-406F-8E4A-2F575B7535F1}.Release|Any CPU.ActiveCfg = Release|Any CPU
		{3D44A534-1954-406F-8E4A-2F575B7535F1}.Release|Any CPU.Build.0 = Release|Any CPU
		{489BB790-226C-4FAD-8D1E-51D72A7FF8E5}.Debug|Any CPU.ActiveCfg = Debug|Any CPU
		{489BB790-226C-4FAD-8D1E-51D72A7FF8E5}.Debug|Any CPU.Build.0 = Debug|Any CPU
		{489BB790-226C-4FAD-8D1E-51D72A7FF8E5}.Release|Any CPU.ActiveCfg = Release|Any CPU
		{489BB790-226C-4FAD-8D1E-51D72A7FF8E5}.Release|Any CPU.Build.0 = Release|Any CPU
		{BFFEC334-56DE-4AD0-A99B-1EE7E49AD975}.Debug|Any CPU.ActiveCfg = Debug|Any CPU
		{BFFEC334-56DE-4AD0-A99B-1EE7E49AD975}.Debug|Any CPU.Build.0 = Debug|Any CPU
		{BFFEC334-56DE-4AD0-A99B-1EE7E49AD975}.Release|Any CPU.ActiveCfg = Release|Any CPU
		{BFFEC334-56DE-4AD0-A99B-1EE7E49AD975}.Release|Any CPU.Build.0 = Release|Any CPU
		{0877F0E1-DE31-42AC-9DA6-74D8F108A0F5}.Debug|Any CPU.ActiveCfg = Debug|Any CPU
		{0877F0E1-DE31-42AC-9DA6-74D8F108A0F5}.Debug|Any CPU.Build.0 = Debug|Any CPU
		{0877F0E1-DE31-42AC-9DA6-74D8F108A0F5}.Release|Any CPU.ActiveCfg = Release|Any CPU
		{0877F0E1-DE31-42AC-9DA6-74D8F108A0F5}.Release|Any CPU.Build.0 = Release|Any CPU
	EndGlobalSection
	GlobalSection(SolutionProperties) = preSolution
		HideSolutionNode = FALSE
	EndGlobalSection
	GlobalSection(NestedProjects) = preSolution
		{B6C6A849-A2B0-4C09-8051-CA3BB4DC63CA} = {EC93D9F2-0525-47DA-BDB8-CD44B06E0615}
		{9DF2E521-ABD6-4F0D-A480-D0E2A7974BBD} = {D1B09455-6A41-459E-B2A9-B97601C2DD73}
		{81AC27D3-EAB8-4000-AF1A-1CE90127C974} = {2BE65410-82DE-4462-B828-795CE5CCCF7A}
		{FEC68F8A-05F6-419F-B838-A8DCCBBD6B88} = {CBF07765-C91F-4A3B-AAEB-4BC038BF0A8B}
		{81330315-DB73-440D-AB78-A2FBD56E1052} = {CF33B803-B176-4619-ADEA-12A5C148307E}
		{32608E2A-F73C-4B94-A101-11ED788C3C6A} = {12A98685-741C-43B2-9FED-AEB7F239728D}
		{1A8E3432-8565-45E7-B7CA-4B9301E2DE43} = {E29C4629-B1E7-4E2B-8712-EC7C79346BCC}
		{6BDC278B-5872-4698-99FE-BD85B237D7E0} = {E29C4629-B1E7-4E2B-8712-EC7C79346BCC}
		{AD635690-F5F4-47BF-9402-E68601E03F6D} = {CF33B803-B176-4619-ADEA-12A5C148307E}
		{0FE970CC-CF25-443E-A8D6-EF4E3BDD82A2} = {E29C4629-B1E7-4E2B-8712-EC7C79346BCC}
		{51F74F2B-E535-47B9-996A-FD94C983C8C2} = {E29C4629-B1E7-4E2B-8712-EC7C79346BCC}
		{3D44A534-1954-406F-8E4A-2F575B7535F1} = {CF33B803-B176-4619-ADEA-12A5C148307E}
		{489BB790-226C-4FAD-8D1E-51D72A7FF8E5} = {E29C4629-B1E7-4E2B-8712-EC7C79346BCC}
		{BFFEC334-56DE-4AD0-A99B-1EE7E49AD975} = {EC93D9F2-0525-47DA-BDB8-CD44B06E0615}
		{0877F0E1-DE31-42AC-9DA6-74D8F108A0F5} = {2BE65410-82DE-4462-B828-795CE5CCCF7A}
	EndGlobalSection
EndGlobal
